// !$*UTF8*$!
{
	archiveVersion = 1;
	classes = {
	};
	objectVersion = 48;
	objects = {

/* Begin PBXBuildFile section */
		3CFFAEA41F7E8D710014E175 /* AppDelegate.swift in Sources */ = {isa = PBXBuildFile; fileRef = 3CFFAEA31F7E8D710014E175 /* AppDelegate.swift */; };
		3CFFAEA61F7E8D710014E175 /* ViewController.swift in Sources */ = {isa = PBXBuildFile; fileRef = 3CFFAEA51F7E8D710014E175 /* ViewController.swift */; };
		3CFFAEA91F7E8D710014E175 /* Main.storyboard in Resources */ = {isa = PBXBuildFile; fileRef = 3CFFAEA71F7E8D710014E175 /* Main.storyboard */; };
		3CFFAEAB1F7E8D710014E175 /* Assets.xcassets in Resources */ = {isa = PBXBuildFile; fileRef = 3CFFAEAA1F7E8D710014E175 /* Assets.xcassets */; };
		3CFFAEAE1F7E8D710014E175 /* LaunchScreen.storyboard in Resources */ = {isa = PBXBuildFile; fileRef = 3CFFAEAC1F7E8D710014E175 /* LaunchScreen.storyboard */; };
		3CFFAEB61F7E8F740014E175 /* Menu.storyboard in Resources */ = {isa = PBXBuildFile; fileRef = 3CFFAEB51F7E8F740014E175 /* Menu.storyboard */; };
		3CFFAEB91F7E8F9A0014E175 /* Settings.storyboard in Resources */ = {isa = PBXBuildFile; fileRef = 3CFFAEB71F7E8F9A0014E175 /* Settings.storyboard */; };
/* End PBXBuildFile section */

/* Begin PBXFileReference section */
		3CFFAEA01F7E8D710014E175 /* Reference-StoryBoards.app */ = {isa = PBXFileReference; explicitFileType = wrapper.application; includeInIndex = 0; path = "Reference-StoryBoards.app"; sourceTree = BUILT_PRODUCTS_DIR; };
		3CFFAEA31F7E8D710014E175 /* AppDelegate.swift */ = {isa = PBXFileReference; lastKnownFileType = sourcecode.swift; path = AppDelegate.swift; sourceTree = "<group>"; };
		3CFFAEA51F7E8D710014E175 /* ViewController.swift */ = {isa = PBXFileReference; lastKnownFileType = sourcecode.swift; path = ViewController.swift; sourceTree = "<group>"; };
		3CFFAEA81F7E8D710014E175 /* Base */ = {isa = PBXFileReference; lastKnownFileType = file.storyboard; name = Base; path = Base.lproj/Main.storyboard; sourceTree = "<group>"; };
		3CFFAEAA1F7E8D710014E175 /* Assets.xcassets */ = {isa = PBXFileReference; lastKnownFileType = folder.assetcatalog; path = Assets.xcassets; sourceTree = "<group>"; };
		3CFFAEAD1F7E8D710014E175 /* Base */ = {isa = PBXFileReference; lastKnownFileType = file.storyboard; name = Base; path = Base.lproj/LaunchScreen.storyboard; sourceTree = "<group>"; };
		3CFFAEAF1F7E8D710014E175 /* Info.plist */ = {isa = PBXFileReference; lastKnownFileType = text.plist.xml; path = Info.plist; sourceTree = "<group>"; };
		3CFFAEB51F7E8F740014E175 /* Menu.storyboard */ = {isa = PBXFileReference; fileEncoding = 4; lastKnownFileType = file.storyboard; path = Menu.storyboard; sourceTree = "<group>"; };
		3CFFAEB81F7E8F9A0014E175 /* Base */ = {isa = PBXFileReference; lastKnownFileType = file.storyboard; name = Base; path = "Reference-StoryBoards/Base.lproj/Settings.storyboard"; sourceTree = "<group>"; };
/* End PBXFileReference section */

/* Begin PBXFrameworksBuildPhase section */
		3CFFAE9D1F7E8D710014E175 /* Frameworks */ = {
			isa = PBXFrameworksBuildPhase;
			buildActionMask = 2147483647;
			files = (
			);
			runOnlyForDeploymentPostprocessing = 0;
		};
/* End PBXFrameworksBuildPhase section */

/* Begin PBXGroup section */
		3CFFAE971F7E8D710014E175 = {
			isa = PBXGroup;
			children = (
				3CFFAEB71F7E8F9A0014E175 /* Settings.storyboard */,
				3CFFAEB51F7E8F740014E175 /* Menu.storyboard */,
				3CFFAEA21F7E8D710014E175 /* Reference-StoryBoards */,
				3CFFAEA11F7E8D710014E175 /* Products */,
			);
			sourceTree = "<group>";
		};
		3CFFAEA11F7E8D710014E175 /* Products */ = {
			isa = PBXGroup;
			children = (
				3CFFAEA01F7E8D710014E175 /* Reference-StoryBoards.app */,
			);
			name = Products;
			sourceTree = "<group>";
		};
		3CFFAEA21F7E8D710014E175 /* Reference-StoryBoards */ = {
			isa = PBXGroup;
			children = (
				3CFFAEA31F7E8D710014E175 /* AppDelegate.swift */,
				3CFFAEA51F7E8D710014E175 /* ViewController.swift */,
				3CFFAEA71F7E8D710014E175 /* Main.storyboard */,
				3CFFAEAA1F7E8D710014E175 /* Assets.xcassets */,
				3CFFAEAC1F7E8D710014E175 /* LaunchScreen.storyboard */,
				3CFFAEAF1F7E8D710014E175 /* Info.plist */,
			);
			path = "Reference-StoryBoards";
			sourceTree = "<group>";
		};
/* End PBXGroup section */

/* Begin PBXNativeTarget section */
		3CFFAE9F1F7E8D710014E175 /* Reference-StoryBoards */ = {
			isa = PBXNativeTarget;
			buildConfigurationList = 3CFFAEB21F7E8D710014E175 /* Build configuration list for PBXNativeTarget "Reference-StoryBoards" */;
			buildPhases = (
				3CFFAE9C1F7E8D710014E175 /* Sources */,
				3CFFAE9D1F7E8D710014E175 /* Frameworks */,
				3CFFAE9E1F7E8D710014E175 /* Resources */,
			);
			buildRules = (
			);
			dependencies = (
			);
			name = "Reference-StoryBoards";
			productName = "Reference-StoryBoards";
			productReference = 3CFFAEA01F7E8D710014E175 /* Reference-StoryBoards.app */;
			productType = "com.apple.product-type.application";
		};
/* End PBXNativeTarget section */

/* Begin PBXProject section */
		3CFFAE981F7E8D710014E175 /* Project object */ = {
			isa = PBXProject;
			attributes = {
				LastSwiftUpdateCheck = 0900;
				LastUpgradeCheck = 0900;
				ORGANIZATIONNAME = BUAP;
				TargetAttributes = {
					3CFFAE9F1F7E8D710014E175 = {
						CreatedOnToolsVersion = 9.0;
						ProvisioningStyle = Automatic;
					};
				};
			};
			buildConfigurationList = 3CFFAE9B1F7E8D710014E175 /* Build configuration list for PBXProject "Reference-StoryBoards" */;
			compatibilityVersion = "Xcode 8.0";
			developmentRegion = en;
			hasScannedForEncodings = 0;
			knownRegions = (
				en,
				Base,
			);
			mainGroup = 3CFFAE971F7E8D710014E175;
			productRefGroup = 3CFFAEA11F7E8D710014E175 /* Products */;
			projectDirPath = "";
			projectRoot = "";
			targets = (
				3CFFAE9F1F7E8D710014E175 /* Reference-StoryBoards */,
			);
		};
/* End PBXProject section */

/* Begin PBXResourcesBuildPhase section */
		3CFFAE9E1F7E8D710014E175 /* Resources */ = {
			isa = PBXResourcesBuildPhase;
			buildActionMask = 2147483647;
			files = (
				3CFFAEAE1F7E8D710014E175 /* LaunchScreen.storyboard in Resources */,
				3CFFAEAB1F7E8D710014E175 /* Assets.xcassets in Resources */,
				3CFFAEA91F7E8D710014E175 /* Main.storyboard in Resources */,
				3CFFAEB61F7E8F740014E175 /* Menu.storyboard in Resources */,
				3CFFAEB91F7E8F9A0014E175 /* Settings.storyboard in Resources */,
			);
			runOnlyForDeploymentPostprocessing = 0;
		};
/* End PBXResourcesBuildPhase section */

/* Begin PBXSourcesBuildPhase section */
		3CFFAE9C1F7E8D710014E175 /* Sources */ = {
			isa = PBXSourcesBuildPhase;
			buildActionMask = 2147483647;
			files = (
				3CFFAEA61F7E8D710014E175 /* ViewController.swift in Sources */,
				3CFFAEA41F7E8D710014E175 /* AppDelegate.swift in Sources */,
			);
			runOnlyForDeploymentPostprocessing = 0;
		};
/* End PBXSourcesBuildPhase section */

/* Begin PBXVariantGroup section */
		3CFFAEA71F7E8D710014E175 /* Main.storyboard */ = {
			isa = PBXVariantGroup;
			children = (
				3CFFAEA81F7E8D710014E175 /* Base */,
			);
			name = Main.storyboard;
			sourceTree = "<group>";
		};
		3CFFAEAC1F7E8D710014E175 /* LaunchScreen.storyboard */ = {
			isa = PBXVariantGroup;
			children = (
				3CFFAEAD1F7E8D710014E175 /* Base */,
			);
			name = LaunchScreen.storyboard;
			sourceTree = "<group>";
		};
		3CFFAEB71F7E8F9A0014E175 /* Settings.storyboard */ = {
			isa = PBXVariantGroup;
			children = (
				3CFFAEB81F7E8F9A0014E175 /* Base */,
			);
			name = Settings.storyboard;
			sourceTree = "<group>";
		};
/* End PBXVariantGroup section */

/* Begin XCBuildConfiguration section */
		3CFFAEB01F7E8D710014E175 /* Debug */ = {
			isa = XCBuildConfiguration;
			buildSettings = {
				ALWAYS_SEARCH_USER_PATHS = NO;
				CLANG_ANALYZER_NONNULL = YES;
				CLANG_ANALYZER_NUMBER_OBJECT_CONVERSION = YES_AGGRESSIVE;
				CLANG_CXX_LANGUAGE_STANDARD = "gnu++14";
				CLANG_CXX_LIBRARY = "libc++";
				CLANG_ENABLE_MODULES = YES;
				CLANG_ENABLE_OBJC_ARC = YES;
				CLANG_WARN_BLOCK_CAPTURE_AUTORELEASING = YES;
				CLANG_WARN_BOOL_CONVERSION = YES;
				CLANG_WARN_COMMA = YES;
				CLANG_WARN_CONSTANT_CONVERSION = YES;
				CLANG_WARN_DIRECT_OBJC_ISA_USAGE = YES_ERROR;
				CLANG_WARN_DOCUMENTATION_COMMENTS = YES;
				CLANG_WARN_EMPTY_BODY = YES;
				CLANG_WARN_ENUM_CONVERSION = YES;
				CLANG_WARN_INFINITE_RECURSION = YES;
				CLANG_WARN_INT_CONVERSION = YES;
				CLANG_WARN_NON_LITERAL_NULL_CONVERSION = YES;
				CLANG_WARN_OBJC_LITERAL_CONVERSION = YES;
				CLANG_WARN_OBJC_ROOT_CLASS = YES_ERROR;
				CLANG_WARN_RANGE_LOOP_ANALYSIS = YES;
				CLANG_WARN_STRICT_PROTOTYPES = YES;
				CLANG_WARN_SUSPICIOUS_MOVE = YES;
				CLANG_WARN_UNGUARDED_AVAILABILITY = YES_AGGRESSIVE;
				CLANG_WARN_UNREACHABLE_CODE = YES;
				CLANG_WARN__DUPLICATE_METHOD_MATCH = YES;
				CODE_SIGN_IDENTITY = "iPhone Developer";
				COPY_PHASE_STRIP = NO;
				DEBUG_INFORMATION_FORMAT = dwarf;
				ENABLE_STRICT_OBJC_MSGSEND = YES;
				ENABLE_TESTABILITY = YES;
				GCC_C_LANGUAGE_STANDARD = gnu11;
				GCC_DYNAMIC_NO_PIC = NO;
				GCC_NO_COMMON_BLOCKS = YES;
				GCC_OPTIMIZATION_LEVEL = 0;
				GCC_PREPROCESSOR_DEFINITIONS = (
					"DEBUG=1",
					"$(inherited)",
				);
				GCC_WARN_64_TO_32_BIT_CONVERSION = YES;
				GCC_WARN_ABOUT_RETURN_TYPE = YES_ERROR;
				GCC_WARN_UNDECLARED_SELECTOR = YES;
				GCC_WARN_UNINITIALIZED_AUTOS = YES_AGGRESSIVE;
				GCC_WARN_UNUSED_FUNCTION = YES;
				GCC_WARN_UNUSED_VARIABLE = YES;
				IPHONEOS_DEPLOYMENT_TARGET = 11.0;
				MTL_ENABLE_DEBUG_INFO = YES;
				ONLY_ACTIVE_ARCH = YES;
				SDKROOT = iphoneos;
				SWIFT_ACTIVE_COMPILATION_CONDITIONS = DEBUG;
				SWIFT_OPTIMIZATION_LEVEL = "-Onone";
			};
			name = Debug;
		};
		3CFFAEB11F7E8D710014E175 /* Release */ = {
			isa = XCBuildConfiguration;
			buildSettings = {
				ALWAYS_SEARCH_USER_PATHS = NO;
				CLANG_ANALYZER_NONNULL = YES;
				CLANG_ANALYZER_NUMBER_OBJECT_CONVERSION = YES_AGGRESSIVE;
				CLANG_CXX_LANGUAGE_STANDARD = "gnu++14";
				CLANG_CXX_LIBRARY = "libc++";
				CLANG_ENABLE_MODULES = YES;
				CLANG_ENABLE_OBJC_ARC = YES;
				CLANG_WARN_BLOCK_CAPTURE_AUTORELEASING = YES;
				CLANG_WARN_BOOL_CONVERSION = YES;
				CLANG_WARN_COMMA = YES;
				CLANG_WARN_CONSTANT_CONVERSION = YES;
				CLANG_WARN_DIRECT_OBJC_ISA_USAGE = YES_ERROR;
				CLANG_WARN_DOCUMENTATION_COMMENTS = YES;
				CLANG_WARN_EMPTY_BODY = YES;
				CLANG_WARN_ENUM_CONVERSION = YES;
				CLANG_WARN_INFINITE_RECURSION = YES;
				CLANG_WARN_INT_CONVERSION = YES;
				CLANG_WARN_NON_LITERAL_NULL_CONVERSION = YES;
				CLANG_WARN_OBJC_LITERAL_CONVERSION = YES;
				CLANG_WARN_OBJC_ROOT_CLASS = YES_ERROR;
				CLANG_WARN_RANGE_LOOP_ANALYSIS = YES;
				CLANG_WARN_STRICT_PROTOTYPES = YES;
				CLANG_WARN_SUSPICIOUS_MOVE = YES;
				CLANG_WARN_UNGUARDED_AVAILABILITY = YES_AGGRESSIVE;
				CLANG_WARN_UNREACHABLE_CODE = YES;
				CLANG_WARN__DUPLICATE_METHOD_MATCH = YES;
				CODE_SIGN_IDENTITY = "iPhone Developer";
				COPY_PHASE_STRIP = NO;
				DEBUG_INFORMATION_FORMAT = "dwarf-with-dsym";
				ENABLE_NS_ASSERTIONS = NO;
				ENABLE_STRICT_OBJC_MSGSEND = YES;
				GCC_C_LANGUAGE_STANDARD = gnu11;
				GCC_NO_COMMON_BLOCKS = YES;
				GCC_WARN_64_TO_32_BIT_CONVERSION = YES;
				GCC_WARN_ABOUT_RETURN_TYPE = YES_ERROR;
				GCC_WARN_UNDECLARED_SELECTOR = YES;
				GCC_WARN_UNINITIALIZED_AUTOS = YES_AGGRESSIVE;
				GCC_WARN_UNUSED_FUNCTION = YES;
				GCC_WARN_UNUSED_VARIABLE = YES;
				IPHONEOS_DEPLOYMENT_TARGET = 11.0;
				MTL_ENABLE_DEBUG_INFO = NO;
				SDKROOT = iphoneos;
				SWIFT_OPTIMIZATION_LEVEL = "-Owholemodule";
				VALIDATE_PRODUCT = YES;
			};
			name = Release;
		};
		3CFFAEB31F7E8D710014E175 /* Debug */ = {
			isa = XCBuildConfiguration;
			buildSettings = {
				ASSETCATALOG_COMPILER_APPICON_NAME = AppIcon;
				CODE_SIGN_STYLE = Automatic;
				DEVELOPMENT_TEAM = TV25GY6697;
				INFOPLIST_FILE = "Reference-StoryBoards/Info.plist";
				LD_RUNPATH_SEARCH_PATHS = "$(inherited) @executable_path/Frameworks";
				PRODUCT_BUNDLE_IDENTIFIER = "mx.buap.Reference-StoryBoards";
				PRODUCT_NAME = "$(TARGET_NAME)";
				SWIFT_VERSION = 4.0;
				TARGETED_DEVICE_FAMILY = "1,2";
			};
			name = Debug;
		};
		3CFFAEB41F7E8D710014E175 /* Release */ = {
			isa = XCBuildConfiguration;
			buildSettings = {
				ASSETCATALOG_COMPILER_APPICON_NAME = AppIcon;
				CODE_SIGN_STYLE = Automatic;
				DEVELOPMENT_TEAM = TV25GY6697;
				INFOPLIST_FILE = "Reference-StoryBoards/Info.plist";
				LD_RUNPATH_SEARCH_PATHS = "$(inherited) @executable_path/Frameworks";
				PRODUCT_BUNDLE_IDENTIFIER = "mx.buap.Reference-StoryBoards";
				PRODUCT_NAME = "$(TARGET_NAME)";
				SWIFT_VERSION = 4.0;
				TARGETED_DEVICE_FAMILY = "1,2";
			};
			name = Release;
		};
/* End XCBuildConfiguration section */

/* Begin XCConfigurationList section */
		3CFFAE9B1F7E8D710014E175 /* Build configuration list for PBXProject "Reference-StoryBoards" */ = {
			isa = XCConfigurationList;
			buildConfigurations = (
				3CFFAEB01F7E8D710014E175 /* Debug */,
				3CFFAEB11F7E8D710014E175 /* Release */,
			);
			defaultConfigurationIsVisible = 0;
			defaultConfigurationName = Release;
		};
		3CFFAEB21F7E8D710014E175 /* Build configuration list for PBXNativeTarget "Reference-StoryBoards" */ = {
			isa = XCConfigurationList;
			buildConfigurations = (
				3CFFAEB31F7E8D710014E175 /* Debug */,
				3CFFAEB41F7E8D710014E175 /* Release */,
			);
			defaultConfigurationIsVisible = 0;
			defaultConfigurationName = Release;
		};
/* End XCConfigurationList section */
	};
	rootObject = 3CFFAE981F7E8D710014E175 /* Project object */;
}
